
Microsoft Visual Studio Solution File, Format Version 12.00
# Visual Studio Version 17
VisualStudioVersion = 17.13.35828.75 d17.13
MinimumVisualStudioVersion = 10.0.40219.1
Project("{FAE04EC0-301F-11D3-BF4B-00C04F79EFBC}") = "Mapping", "Mapping\Mapping.csproj", "{5EC051B6-2090-4C74-AA44-34BA79A9FAFC}"
EndProject
Global
	GlobalSection(SolutionConfigurationPlatforms) = preSolution
		Debug|Any CPU = Debug|Any CPU
		Release|Any CPU = Release|Any CPU
	EndGlobalSection
	GlobalSection(ProjectConfigurationPlatforms) = postSolution
		{5EC051B6-2090-4C74-AA44-34BA79A9FAFC}.Debug|Any CPU.ActiveCfg = Debug|Any CPU
		{5EC051B6-2090-4C74-AA44-34BA79A9FAFC}.Debug|Any CPU.Build.0 = Debug|Any CPU
		{5EC051B6-2090-4C74-AA44-34BA79A9FAFC}.Release|Any CPU.ActiveCfg = Release|Any CPU
		{5EC051B6-2090-4C74-AA44-34BA79A9FAFC}.Release|Any CPU.Build.0 = Release|Any CPU
	EndGlobalSection
	GlobalSection(SolutionProperties) = preSolution
		HideSolutionNode = FALSE
	EndGlobalSection
	GlobalSection(ExtensibilityGlobals) = postSolution
		SolutionGuid = {E7EFB1E5-2F9F-4A2A-826B-FB17546B2C24}
	EndGlobalSection
EndGlobal
