
Microsoft Visual Studio Solution File, Format Version 12.00
# Visual Studio Version 17
VisualStudioVersion = 17.13.35828.75 d17.13
MinimumVisualStudioVersion = 10.0.40219.1
Project("{FAE04EC0-301F-11D3-BF4B-00C04F79EFBC}") = "LINQ2", "LINQ2\LINQ2.csproj", "{15140EB3-F8AC-4CD7-938B-60AB1F490E24}"
EndProject
Global
	GlobalSection(SolutionConfigurationPlatforms) = preSolution
		Debug|Any CPU = Debug|Any CPU
		Release|Any CPU = Release|Any CPU
	EndGlobalSection
	GlobalSection(ProjectConfigurationPlatforms) = postSolution
		{15140EB3-F8AC-4CD7-938B-60AB1F490E24}.Debug|Any CPU.ActiveCfg = Debug|Any CPU
		{15140EB3-F8AC-4CD7-938B-60AB1F490E24}.Debug|Any CPU.Build.0 = Debug|Any CPU
		{15140EB3-F8AC-4CD7-938B-60AB1F490E24}.Release|Any CPU.ActiveCfg = Release|Any CPU
		{15140EB3-F8AC-4CD7-938B-60AB1F490E24}.Release|Any CPU.Build.0 = Release|Any CPU
	EndGlobalSection
	GlobalSection(SolutionProperties) = preSolution
		HideSolutionNode = FALSE
	EndGlobalSection
	GlobalSection(ExtensibilityGlobals) = postSolution
		SolutionGuid = {2D34377D-B04F-40A7-9D61-DE8CC10EF315}
	EndGlobalSection
EndGlobal
