
Microsoft Visual Studio Solution File, Format Version 12.00
# Visual Studio Version 17
VisualStudioVersion = 17.13.35828.75 d17.13
MinimumVisualStudioVersion = 10.0.40219.1
Project("{FAE04EC0-301F-11D3-BF4B-00C04F79EFBC}") = "RegEx", "RegEx\RegEx.csproj", "{52B175E0-493D-48A4-A9E6-09BED6F5FBD2}"
EndProject
Global
	GlobalSection(SolutionConfigurationPlatforms) = preSolution
		Debug|Any CPU = Debug|Any CPU
		Release|Any CPU = Release|Any CPU
	EndGlobalSection
	GlobalSection(ProjectConfigurationPlatforms) = postSolution
		{52B175E0-493D-48A4-A9E6-09BED6F5FBD2}.Debug|Any CPU.ActiveCfg = Debug|Any CPU
		{52B175E0-493D-48A4-A9E6-09BED6F5FBD2}.Debug|Any CPU.Build.0 = Debug|Any CPU
		{52B175E0-493D-48A4-A9E6-09BED6F5FBD2}.Release|Any CPU.ActiveCfg = Release|Any CPU
		{52B175E0-493D-48A4-A9E6-09BED6F5FBD2}.Release|Any CPU.Build.0 = Release|Any CPU
	EndGlobalSection
	GlobalSection(SolutionProperties) = preSolution
		HideSolutionNode = FALSE
	EndGlobalSection
	GlobalSection(ExtensibilityGlobals) = postSolution
		SolutionGuid = {BD7928F0-7447-4AC9-8528-23B977F1E4A1}
	EndGlobalSection
EndGlobal
