
Microsoft Visual Studio Solution File, Format Version 12.00
# Visual Studio Version 17
VisualStudioVersion = 17.13.35828.75 d17.13
MinimumVisualStudioVersion = 10.0.40219.1
Project("{FAE04EC0-301F-11D3-BF4B-00C04F79EFBC}") = "Dictionary", "Dictionary\Dictionary.csproj", "{B663BEE6-0920-4B3E-9CAA-78704CA01239}"
EndProject
Global
	GlobalSection(SolutionConfigurationPlatforms) = preSolution
		Debug|Any CPU = Debug|Any CPU
		Release|Any CPU = Release|Any CPU
	EndGlobalSection
	GlobalSection(ProjectConfigurationPlatforms) = postSolution
		{B663BEE6-0920-4B3E-9CAA-78704CA01239}.Debug|Any CPU.ActiveCfg = Debug|Any CPU
		{B663BEE6-0920-4B3E-9CAA-78704CA01239}.Debug|Any CPU.Build.0 = Debug|Any CPU
		{B663BEE6-0920-4B3E-9CAA-78704CA01239}.Release|Any CPU.ActiveCfg = Release|Any CPU
		{B663BEE6-0920-4B3E-9CAA-78704CA01239}.Release|Any CPU.Build.0 = Release|Any CPU
	EndGlobalSection
	GlobalSection(SolutionProperties) = preSolution
		HideSolutionNode = FALSE
	EndGlobalSection
	GlobalSection(ExtensibilityGlobals) = postSolution
		SolutionGuid = {DF028D0A-6E16-4A2A-9BC8-EAB3AA118DF6}
	EndGlobalSection
EndGlobal
